
Microsoft Visual Studio Solution File, Format Version 12.00
# Visual Studio Version 16
VisualStudioVersion = 16.0.31112.23
MinimumVisualStudioVersion = 10.0.40219.1
Project("{FAE04EC0-301F-11D3-BF4B-00C04F79EFBC}") = "WebApplication1", "WebApplication1\WebApplication1.csproj", "{70B1611F-E2C3-46FA-B773-7021EB8A5A10}"
EndProject
Project("{FAE04EC0-301F-11D3-BF4B-00C04F79EFBC}") = "WebApplication1.UnitTests", "WebApplication1.UnitTests\WebApplication1.UnitTests.csproj", "{8E1DB165-BF27-4B39-8F0E-9E7292DDF0DF}"
EndProject
Global
	GlobalSection(SolutionConfigurationPlatforms) = preSolution
		Debug|Any CPU = Debug|Any CPU
		Release|Any CPU = Release|Any CPU
	EndGlobalSection
	GlobalSection(ProjectConfigurationPlatforms) = postSolution
		{70B1611F-E2C3-46FA-B773-7021EB8A5A10}.Debug|Any CPU.ActiveCfg = Debug|Any CPU
		{70B1611F-E2C3-46FA-B773-7021EB8A5A10}.Debug|Any CPU.Build.0 = Debug|Any CPU
		{70B1611F-E2C3-46FA-B773-7021EB8A5A10}.Release|Any CPU.ActiveCfg = Release|Any CPU
		{70B1611F-E2C3-46FA-B773-7021EB8A5A10}.Release|Any CPU.Build.0 = Release|Any CPU
		{8E1DB165-BF27-4B39-8F0E-9E7292DDF0DF}.Debug|Any CPU.ActiveCfg = Debug|Any CPU
		{8E1DB165-BF27-4B39-8F0E-9E7292DDF0DF}.Debug|Any CPU.Build.0 = Debug|Any CPU
		{8E1DB165-BF27-4B39-8F0E-9E7292DDF0DF}.Release|Any CPU.ActiveCfg = Release|Any CPU
		{8E1DB165-BF27-4B39-8F0E-9E7292DDF0DF}.Release|Any CPU.Build.0 = Release|Any CPU
	EndGlobalSection
	GlobalSection(SolutionProperties) = preSolution
		HideSolutionNode = FALSE
	EndGlobalSection
	GlobalSection(ExtensibilityGlobals) = postSolution
		SolutionGuid = {FD18C7FE-DBDA-4E6D-86FE-F266C9CDB87E}
	EndGlobalSection
EndGlobal
